// !$*UTF8*$!
{
	archiveVersion = 1;
	classes = {
	};
	objectVersion = 46;
	objects = {

/* Begin PBXBuildFile section */
		4313945C1E2CB95800390EAA /* TDateItemCell.swift in Sources */ = {isa = PBXBuildFile; fileRef = 4313945A1E2CB95800390EAA /* TDateItemCell.swift */; };
		4313945D1E2CB95800390EAA /* TDateItemCell.xib in Resources */ = {isa = PBXBuildFile; fileRef = 4313945B1E2CB95800390EAA /* TDateItemCell.xib */; };
		4313945F1E2CF93200390EAA /* TUpdateInterface.swift in Sources */ = {isa = PBXBuildFile; fileRef = 4313945E1E2CF93200390EAA /* TUpdateInterface.swift */; };
		431394611E2CF95E00390EAA /* TTableViewRowModel.swift in Sources */ = {isa = PBXBuildFile; fileRef = 431394601E2CF95E00390EAA /* TTableViewRowModel.swift */; };
		433C15901E1297C800B5FB5F /* AppDelegate.swift in Sources */ = {isa = PBXBuildFile; fileRef = 433C158F1E1297C800B5FB5F /* AppDelegate.swift */; };
		433C15951E1297C800B5FB5F /* Main.storyboard in Resources */ = {isa = PBXBuildFile; fileRef = 433C15931E1297C800B5FB5F /* Main.storyboard */; };
		433C15971E1297C800B5FB5F /* Assets.xcassets in Resources */ = {isa = PBXBuildFile; fileRef = 433C15961E1297C800B5FB5F /* Assets.xcassets */; };
		433C159A1E1297C800B5FB5F /* LaunchScreen.storyboard in Resources */ = {isa = PBXBuildFile; fileRef = 433C15981E1297C800B5FB5F /* LaunchScreen.storyboard */; };
		4352711C1E1395F500EA8113 /* TSupport.swift in Sources */ = {isa = PBXBuildFile; fileRef = 435271191E1395F500EA8113 /* TSupport.swift */; };
		435271311E1396F000EA8113 /* TExtensions.swift in Sources */ = {isa = PBXBuildFile; fileRef = 4352712C1E1396F000EA8113 /* TExtensions.swift */; };
		435271341E1396F000EA8113 /* TView.swift in Sources */ = {isa = PBXBuildFile; fileRef = 4352712F1E1396F000EA8113 /* TView.swift */; };
		435271351E1396F000EA8113 /* TViewController.swift in Sources */ = {isa = PBXBuildFile; fileRef = 435271301E1396F000EA8113 /* TViewController.swift */; };
		435271371E13974100EA8113 /* TString.swift in Sources */ = {isa = PBXBuildFile; fileRef = 435271361E13974100EA8113 /* TString.swift */; };
		435271391E13976300EA8113 /* TData.swift in Sources */ = {isa = PBXBuildFile; fileRef = 435271381E13976300EA8113 /* TData.swift */; };
		4352713D1E1397D400EA8113 /* TImage.swift in Sources */ = {isa = PBXBuildFile; fileRef = 4352713C1E1397D400EA8113 /* TImage.swift */; };
		4352713F1E1397FB00EA8113 /* TColor.swift in Sources */ = {isa = PBXBuildFile; fileRef = 4352713E1E1397FB00EA8113 /* TColor.swift */; };
		43899A581E247772007F6CF1 /* TTableView.swift in Sources */ = {isa = PBXBuildFile; fileRef = 43899A551E247772007F6CF1 /* TTableView.swift */; };
		43899A591E247772007F6CF1 /* TTableViewRow.swift in Sources */ = {isa = PBXBuildFile; fileRef = 43899A561E247772007F6CF1 /* TTableViewRow.swift */; };
		43899A5A1E247772007F6CF1 /* TTableViewSection.swift in Sources */ = {isa = PBXBuildFile; fileRef = 43899A571E247772007F6CF1 /* TTableViewSection.swift */; };
		43B293DC1E2C9D8D00969249 /* ViewController.swift in Sources */ = {isa = PBXBuildFile; fileRef = 43B293D91E2C9D8D00969249 /* ViewController.swift */; };
		43B293DF1E2C9DA400969249 /* TMenuItemCell.swift in Sources */ = {isa = PBXBuildFile; fileRef = 43B293DD1E2C9DA400969249 /* TMenuItemCell.swift */; };
		43B293E01E2C9DA400969249 /* TMenuItemCell.xib in Resources */ = {isa = PBXBuildFile; fileRef = 43B293DE1E2C9DA400969249 /* TMenuItemCell.xib */; };
		43B293E31E2CAF5000969249 /* TTableViewExample.storyboard in Resources */ = {isa = PBXBuildFile; fileRef = 43B293E21E2CAF5000969249 /* TTableViewExample.storyboard */; };
		43B293E51E2CB31000969249 /* TTableExampleViewController.swift in Sources */ = {isa = PBXBuildFile; fileRef = 43B293E41E2CB31000969249 /* TTableExampleViewController.swift */; };
/* End PBXBuildFile section */

/* Begin PBXFileReference section */
		4313945A1E2CB95800390EAA /* TDateItemCell.swift */ = {isa = PBXFileReference; fileEncoding = 4; lastKnownFileType = sourcecode.swift; path = TDateItemCell.swift; sourceTree = "<group>"; };
		4313945B1E2CB95800390EAA /* TDateItemCell.xib */ = {isa = PBXFileReference; fileEncoding = 4; lastKnownFileType = file.xib; path = TDateItemCell.xib; sourceTree = "<group>"; };
		4313945E1E2CF93200390EAA /* TUpdateInterface.swift */ = {isa = PBXFileReference; fileEncoding = 4; lastKnownFileType = sourcecode.swift; path = TUpdateInterface.swift; sourceTree = "<group>"; };
		431394601E2CF95E00390EAA /* TTableViewRowModel.swift */ = {isa = PBXFileReference; fileEncoding = 4; lastKnownFileType = sourcecode.swift; path = TTableViewRowModel.swift; sourceTree = "<group>"; };
		433C158C1E1297C800B5FB5F /* TSuppot.app */ = {isa = PBXFileReference; explicitFileType = wrapper.application; includeInIndex = 0; path = TSuppot.app; sourceTree = BUILT_PRODUCTS_DIR; };
		433C158F1E1297C800B5FB5F /* AppDelegate.swift */ = {isa = PBXFileReference; lastKnownFileType = sourcecode.swift; path = AppDelegate.swift; sourceTree = "<group>"; };
		433C15941E1297C800B5FB5F /* Base */ = {isa = PBXFileReference; lastKnownFileType = file.storyboard; name = Base; path = Base.lproj/Main.storyboard; sourceTree = "<group>"; };
		433C15961E1297C800B5FB5F /* Assets.xcassets */ = {isa = PBXFileReference; lastKnownFileType = folder.assetcatalog; path = Assets.xcassets; sourceTree = "<group>"; };
		433C15991E1297C800B5FB5F /* Base */ = {isa = PBXFileReference; lastKnownFileType = file.storyboard; name = Base; path = Base.lproj/LaunchScreen.storyboard; sourceTree = "<group>"; };
		433C159B1E1297C800B5FB5F /* Info.plist */ = {isa = PBXFileReference; lastKnownFileType = text.plist.xml; path = Info.plist; sourceTree = "<group>"; };
		435271191E1395F500EA8113 /* TSupport.swift */ = {isa = PBXFileReference; fileEncoding = 4; lastKnownFileType = sourcecode.swift; path = TSupport.swift; sourceTree = "<group>"; };
		4352712C1E1396F000EA8113 /* TExtensions.swift */ = {isa = PBXFileReference; fileEncoding = 4; lastKnownFileType = sourcecode.swift; path = TExtensions.swift; sourceTree = "<group>"; };
		4352712F1E1396F000EA8113 /* TView.swift */ = {isa = PBXFileReference; fileEncoding = 4; lastKnownFileType = sourcecode.swift; path = TView.swift; sourceTree = "<group>"; };
		435271301E1396F000EA8113 /* TViewController.swift */ = {isa = PBXFileReference; fileEncoding = 4; lastKnownFileType = sourcecode.swift; path = TViewController.swift; sourceTree = "<group>"; };
		435271361E13974100EA8113 /* TString.swift */ = {isa = PBXFileReference; fileEncoding = 4; lastKnownFileType = sourcecode.swift; path = TString.swift; sourceTree = "<group>"; };
		435271381E13976300EA8113 /* TData.swift */ = {isa = PBXFileReference; fileEncoding = 4; lastKnownFileType = sourcecode.swift; path = TData.swift; sourceTree = "<group>"; };
		4352713C1E1397D400EA8113 /* TImage.swift */ = {isa = PBXFileReference; fileEncoding = 4; lastKnownFileType = sourcecode.swift; path = TImage.swift; sourceTree = "<group>"; };
		4352713E1E1397FB00EA8113 /* TColor.swift */ = {isa = PBXFileReference; fileEncoding = 4; lastKnownFileType = sourcecode.swift; path = TColor.swift; sourceTree = "<group>"; };
		43899A551E247772007F6CF1 /* TTableView.swift */ = {isa = PBXFileReference; fileEncoding = 4; lastKnownFileType = sourcecode.swift; path = TTableView.swift; sourceTree = "<group>"; };
		43899A561E247772007F6CF1 /* TTableViewRow.swift */ = {isa = PBXFileReference; fileEncoding = 4; lastKnownFileType = sourcecode.swift; path = TTableViewRow.swift; sourceTree = "<group>"; };
		43899A571E247772007F6CF1 /* TTableViewSection.swift */ = {isa = PBXFileReference; fileEncoding = 4; lastKnownFileType = sourcecode.swift; path = TTableViewSection.swift; sourceTree = "<group>"; };
		43B293D91E2C9D8D00969249 /* ViewController.swift */ = {isa = PBXFileReference; fileEncoding = 4; lastKnownFileType = sourcecode.swift; path = ViewController.swift; sourceTree = "<group>"; };
		43B293DD1E2C9DA400969249 /* TMenuItemCell.swift */ = {isa = PBXFileReference; fileEncoding = 4; lastKnownFileType = sourcecode.swift; path = TMenuItemCell.swift; sourceTree = "<group>"; };
		43B293DE1E2C9DA400969249 /* TMenuItemCell.xib */ = {isa = PBXFileReference; fileEncoding = 4; lastKnownFileType = file.xib; path = TMenuItemCell.xib; sourceTree = "<group>"; };
		43B293E21E2CAF5000969249 /* TTableViewExample.storyboard */ = {isa = PBXFileReference; fileEncoding = 4; lastKnownFileType = file.storyboard; path = TTableViewExample.storyboard; sourceTree = "<group>"; };
		43B293E41E2CB31000969249 /* TTableExampleViewController.swift */ = {isa = PBXFileReference; fileEncoding = 4; lastKnownFileType = sourcecode.swift; path = TTableExampleViewController.swift; sourceTree = "<group>"; };
/* End PBXFileReference section */

/* Begin PBXFrameworksBuildPhase section */
		433C15891E1297C800B5FB5F /* Frameworks */ = {
			isa = PBXFrameworksBuildPhase;
			buildActionMask = 2147483647;
			files = (
			);
			runOnlyForDeploymentPostprocessing = 0;
		};
/* End PBXFrameworksBuildPhase section */

/* Begin PBXGroup section */
		431394591E2CB93F00390EAA /* TDateItemCell */ = {
			isa = PBXGroup;
			children = (
				4313945A1E2CB95800390EAA /* TDateItemCell.swift */,
				4313945B1E2CB95800390EAA /* TDateItemCell.xib */,
			);
			path = TDateItemCell;
			sourceTree = "<group>";
		};
		433C15831E1297C800B5FB5F = {
			isa = PBXGroup;
			children = (
				435271161E1395F500EA8113 /* src */,
				433C158E1E1297C800B5FB5F /* TSuppot */,
				433C158D1E1297C800B5FB5F /* Products */,
			);
			sourceTree = "<group>";
		};
		433C158D1E1297C800B5FB5F /* Products */ = {
			isa = PBXGroup;
			children = (
				433C158C1E1297C800B5FB5F /* TSuppot.app */,
			);
			name = Products;
			sourceTree = "<group>";
		};
		433C158E1E1297C800B5FB5F /* TSuppot */ = {
			isa = PBXGroup;
			children = (
				43B293E11E2CAF2600969249 /* Storyboards */,
				43B293D81E2C9D8D00969249 /* ViewControllers */,
				43B293DA1E2C9D8D00969249 /* Xibs */,
				433C158F1E1297C800B5FB5F /* AppDelegate.swift */,
				433C15961E1297C800B5FB5F /* Assets.xcassets */,
				433C15981E1297C800B5FB5F /* LaunchScreen.storyboard */,
				433C159B1E1297C800B5FB5F /* Info.plist */,
			);
			path = TSuppot;
			sourceTree = "<group>";
		};
		435271161E1395F500EA8113 /* src */ = {
			isa = PBXGroup;
			children = (
				43899A541E247772007F6CF1 /* TTableView */,
				4352712C1E1396F000EA8113 /* TExtensions.swift */,
				4352712F1E1396F000EA8113 /* TView.swift */,
				435271301E1396F000EA8113 /* TViewController.swift */,
				435271191E1395F500EA8113 /* TSupport.swift */,
				435271361E13974100EA8113 /* TString.swift */,
				435271381E13976300EA8113 /* TData.swift */,
				4352713C1E1397D400EA8113 /* TImage.swift */,
				4352713E1E1397FB00EA8113 /* TColor.swift */,
			);
			path = src;
			sourceTree = "<group>";
		};
		43899A541E247772007F6CF1 /* TTableView */ = {
			isa = PBXGroup;
			children = (
				43899A551E247772007F6CF1 /* TTableView.swift */,
				43899A561E247772007F6CF1 /* TTableViewRow.swift */,
				43899A571E247772007F6CF1 /* TTableViewSection.swift */,
				4313945E1E2CF93200390EAA /* TUpdateInterface.swift */,
				431394601E2CF95E00390EAA /* TTableViewRowModel.swift */,
			);
			path = TTableView;
			sourceTree = "<group>";
		};
		43B293D81E2C9D8D00969249 /* ViewControllers */ = {
			isa = PBXGroup;
			children = (
				43B293D91E2C9D8D00969249 /* ViewController.swift */,
				43B293E41E2CB31000969249 /* TTableExampleViewController.swift */,
			);
			path = ViewControllers;
			sourceTree = "<group>";
		};
		43B293DA1E2C9D8D00969249 /* Xibs */ = {
			isa = PBXGroup;
			children = (
				431394591E2CB93F00390EAA /* TDateItemCell */,
				43B293DB1E2C9D8D00969249 /* TMenuItemCell */,
			);
			path = Xibs;
			sourceTree = "<group>";
		};
		43B293DB1E2C9D8D00969249 /* TMenuItemCell */ = {
			isa = PBXGroup;
			children = (
				43B293DD1E2C9DA400969249 /* TMenuItemCell.swift */,
				43B293DE1E2C9DA400969249 /* TMenuItemCell.xib */,
			);
			path = TMenuItemCell;
			sourceTree = "<group>";
		};
		43B293E11E2CAF2600969249 /* Storyboards */ = {
			isa = PBXGroup;
			children = (
				433C15931E1297C800B5FB5F /* Main.storyboard */,
				43B293E21E2CAF5000969249 /* TTableViewExample.storyboard */,
			);
			path = Storyboards;
			sourceTree = "<group>";
		};
/* End PBXGroup section */

/* Begin PBXNativeTarget section */
		433C158B1E1297C800B5FB5F /* TSuppot */ = {
			isa = PBXNativeTarget;
			buildConfigurationList = 433C159E1E1297C800B5FB5F /* Build configuration list for PBXNativeTarget "TSuppot" */;
			buildPhases = (
				433C15881E1297C800B5FB5F /* Sources */,
				433C15891E1297C800B5FB5F /* Frameworks */,
				433C158A1E1297C800B5FB5F /* Resources */,
			);
			buildRules = (
			);
			dependencies = (
			);
			name = TSuppot;
			productName = TSuppot;
			productReference = 433C158C1E1297C800B5FB5F /* TSuppot.app */;
			productType = "com.apple.product-type.application";
		};
/* End PBXNativeTarget section */

/* Begin PBXProject section */
		433C15841E1297C800B5FB5F /* Project object */ = {
			isa = PBXProject;
			attributes = {
				LastSwiftUpdateCheck = 0820;
				LastUpgradeCheck = 0820;
				ORGANIZATIONNAME = Sybis;
				TargetAttributes = {
					433C158B1E1297C800B5FB5F = {
						CreatedOnToolsVersion = 8.2.1;
						DevelopmentTeam = U4H4D3GM6A;
						ProvisioningStyle = Automatic;
					};
				};
			};
			buildConfigurationList = 433C15871E1297C800B5FB5F /* Build configuration list for PBXProject "TSuppot" */;
			compatibilityVersion = "Xcode 3.2";
			developmentRegion = English;
			hasScannedForEncodings = 0;
			knownRegions = (
				en,
				Base,
			);
			mainGroup = 433C15831E1297C800B5FB5F;
			productRefGroup = 433C158D1E1297C800B5FB5F /* Products */;
			projectDirPath = "";
			projectRoot = "";
			targets = (
				433C158B1E1297C800B5FB5F /* TSuppot */,
			);
		};
/* End PBXProject section */

/* Begin PBXResourcesBuildPhase section */
		433C158A1E1297C800B5FB5F /* Resources */ = {
			isa = PBXResourcesBuildPhase;
			buildActionMask = 2147483647;
			files = (
				43B293E31E2CAF5000969249 /* TTableViewExample.storyboard in Resources */,
				433C159A1E1297C800B5FB5F /* LaunchScreen.storyboard in Resources */,
				433C15971E1297C800B5FB5F /* Assets.xcassets in Resources */,
				4313945D1E2CB95800390EAA /* TDateItemCell.xib in Resources */,
				43B293E01E2C9DA400969249 /* TMenuItemCell.xib in Resources */,
				433C15951E1297C800B5FB5F /* Main.storyboard in Resources */,
			);
			runOnlyForDeploymentPostprocessing = 0;
		};
/* End PBXResourcesBuildPhase section */

/* Begin PBXSourcesBuildPhase section */
		433C15881E1297C800B5FB5F /* Sources */ = {
			isa = PBXSourcesBuildPhase;
			buildActionMask = 2147483647;
			files = (
				435271341E1396F000EA8113 /* TView.swift in Sources */,
				431394611E2CF95E00390EAA /* TTableViewRowModel.swift in Sources */,
				435271311E1396F000EA8113 /* TExtensions.swift in Sources */,
				4352713D1E1397D400EA8113 /* TImage.swift in Sources */,
				435271351E1396F000EA8113 /* TViewController.swift in Sources */,
				43B293DC1E2C9D8D00969249 /* ViewController.swift in Sources */,
				43899A581E247772007F6CF1 /* TTableView.swift in Sources */,
				435271391E13976300EA8113 /* TData.swift in Sources */,
				4352711C1E1395F500EA8113 /* TSupport.swift in Sources */,
				43B293DF1E2C9DA400969249 /* TMenuItemCell.swift in Sources */,
				4313945F1E2CF93200390EAA /* TUpdateInterface.swift in Sources */,
				43B293E51E2CB31000969249 /* TTableExampleViewController.swift in Sources */,
				43899A591E247772007F6CF1 /* TTableViewRow.swift in Sources */,
				433C15901E1297C800B5FB5F /* AppDelegate.swift in Sources */,
				435271371E13974100EA8113 /* TString.swift in Sources */,
				43899A5A1E247772007F6CF1 /* TTableViewSection.swift in Sources */,
				4352713F1E1397FB00EA8113 /* TColor.swift in Sources */,
				4313945C1E2CB95800390EAA /* TDateItemCell.swift in Sources */,
			);
			runOnlyForDeploymentPostprocessing = 0;
		};
/* End PBXSourcesBuildPhase section */

/* Begin PBXVariantGroup section */
		433C15931E1297C800B5FB5F /* Main.storyboard */ = {
			isa = PBXVariantGroup;
			children = (
				433C15941E1297C800B5FB5F /* Base */,
			);
			name = Main.storyboard;
			path = ..;
			sourceTree = "<group>";
		};
		433C15981E1297C800B5FB5F /* LaunchScreen.storyboard */ = {
			isa = PBXVariantGroup;
			children = (
				433C15991E1297C800B5FB5F /* Base */,
			);
			name = LaunchScreen.storyboard;
			sourceTree = "<group>";
		};
/* End PBXVariantGroup section */

/* Begin XCBuildConfiguration section */
		433C159C1E1297C800B5FB5F /* Debug */ = {
			isa = XCBuildConfiguration;
			buildSettings = {
				ALWAYS_SEARCH_USER_PATHS = NO;
				CLANG_ANALYZER_NONNULL = YES;
				CLANG_CXX_LANGUAGE_STANDARD = "gnu++0x";
				CLANG_CXX_LIBRARY = "libc++";
				CLANG_ENABLE_MODULES = YES;
				CLANG_ENABLE_OBJC_ARC = YES;
				CLANG_WARN_BOOL_CONVERSION = YES;
				CLANG_WARN_CONSTANT_CONVERSION = YES;
				CLANG_WARN_DIRECT_OBJC_ISA_USAGE = YES_ERROR;
				CLANG_WARN_DOCUMENTATION_COMMENTS = YES;
				CLANG_WARN_EMPTY_BODY = YES;
				CLANG_WARN_ENUM_CONVERSION = YES;
				CLANG_WARN_INFINITE_RECURSION = YES;
				CLANG_WARN_INT_CONVERSION = YES;
				CLANG_WARN_OBJC_ROOT_CLASS = YES_ERROR;
				CLANG_WARN_SUSPICIOUS_MOVE = YES;
				CLANG_WARN_UNREACHABLE_CODE = YES;
				CLANG_WARN__DUPLICATE_METHOD_MATCH = YES;
				"CODE_SIGN_IDENTITY[sdk=iphoneos*]" = "iPhone Developer";
				COPY_PHASE_STRIP = NO;
				DEBUG_INFORMATION_FORMAT = dwarf;
				ENABLE_STRICT_OBJC_MSGSEND = YES;
				ENABLE_TESTABILITY = YES;
				GCC_C_LANGUAGE_STANDARD = gnu99;
				GCC_DYNAMIC_NO_PIC = NO;
				GCC_NO_COMMON_BLOCKS = YES;
				GCC_OPTIMIZATION_LEVEL = 0;
				GCC_PREPROCESSOR_DEFINITIONS = (
					"DEBUG=1",
					"$(inherited)",
				);
				GCC_WARN_64_TO_32_BIT_CONVERSION = YES;
				GCC_WARN_ABOUT_RETURN_TYPE = YES_ERROR;
				GCC_WARN_UNDECLARED_SELECTOR = YES;
				GCC_WARN_UNINITIALIZED_AUTOS = YES_AGGRESSIVE;
				GCC_WARN_UNUSED_FUNCTION = YES;
				GCC_WARN_UNUSED_VARIABLE = YES;
				IPHONEOS_DEPLOYMENT_TARGET = 10.2;
				MTL_ENABLE_DEBUG_INFO = YES;
				ONLY_ACTIVE_ARCH = YES;
				SDKROOT = iphoneos;
				SWIFT_ACTIVE_COMPILATION_CONDITIONS = DEBUG;
				SWIFT_OPTIMIZATION_LEVEL = "-Onone";
				TARGETED_DEVICE_FAMILY = "1,2";
			};
			name = Debug;
		};
		433C159D1E1297C800B5FB5F /* Release */ = {
			isa = XCBuildConfiguration;
			buildSettings = {
				ALWAYS_SEARCH_USER_PATHS = NO;
				CLANG_ANALYZER_NONNULL = YES;
				CLANG_CXX_LANGUAGE_STANDARD = "gnu++0x";
				CLANG_CXX_LIBRARY = "libc++";
				CLANG_ENABLE_MODULES = YES;
				CLANG_ENABLE_OBJC_ARC = YES;
				CLANG_WARN_BOOL_CONVERSION = YES;
				CLANG_WARN_CONSTANT_CONVERSION = YES;
				CLANG_WARN_DIRECT_OBJC_ISA_USAGE = YES_ERROR;
				CLANG_WARN_DOCUMENTATION_COMMENTS = YES;
				CLANG_WARN_EMPTY_BODY = YES;
				CLANG_WARN_ENUM_CONVERSION = YES;
				CLANG_WARN_INFINITE_RECURSION = YES;
				CLANG_WARN_INT_CONVERSION = YES;
				CLANG_WARN_OBJC_ROOT_CLASS = YES_ERROR;
				CLANG_WARN_SUSPICIOUS_MOVE = YES;
				CLANG_WARN_UNREACHABLE_CODE = YES;
				CLANG_WARN__DUPLICATE_METHOD_MATCH = YES;
				"CODE_SIGN_IDENTITY[sdk=iphoneos*]" = "iPhone Developer";
				COPY_PHASE_STRIP = NO;
				DEBUG_INFORMATION_FORMAT = "dwarf-with-dsym";
				ENABLE_NS_ASSERTIONS = NO;
				ENABLE_STRICT_OBJC_MSGSEND = YES;
				GCC_C_LANGUAGE_STANDARD = gnu99;
				GCC_NO_COMMON_BLOCKS = YES;
				GCC_WARN_64_TO_32_BIT_CONVERSION = YES;
				GCC_WARN_ABOUT_RETURN_TYPE = YES_ERROR;
				GCC_WARN_UNDECLARED_SELECTOR = YES;
				GCC_WARN_UNINITIALIZED_AUTOS = YES_AGGRESSIVE;
				GCC_WARN_UNUSED_FUNCTION = YES;
				GCC_WARN_UNUSED_VARIABLE = YES;
				IPHONEOS_DEPLOYMENT_TARGET = 10.2;
				MTL_ENABLE_DEBUG_INFO = NO;
				SDKROOT = iphoneos;
				SWIFT_OPTIMIZATION_LEVEL = "-Owholemodule";
				TARGETED_DEVICE_FAMILY = "1,2";
				VALIDATE_PRODUCT = YES;
			};
			name = Release;
		};
		433C159F1E1297C800B5FB5F /* Debug */ = {
			isa = XCBuildConfiguration;
			buildSettings = {
				ASSETCATALOG_COMPILER_APPICON_NAME = AppIcon;
				DEVELOPMENT_TEAM = U4H4D3GM6A;
				INFOPLIST_FILE = TSuppot/Info.plist;
				LD_RUNPATH_SEARCH_PATHS = "$(inherited) @executable_path/Frameworks";
				PRODUCT_BUNDLE_IDENTIFIER = ru.tt.TSuppot;
				PRODUCT_NAME = "$(TARGET_NAME)";
				SWIFT_VERSION = 3.0;
			};
			name = Debug;
		};
		433C15A01E1297C800B5FB5F /* Release */ = {
			isa = XCBuildConfiguration;
			buildSettings = {
				ASSETCATALOG_COMPILER_APPICON_NAME = AppIcon;
				DEVELOPMENT_TEAM = U4H4D3GM6A;
				INFOPLIST_FILE = TSuppot/Info.plist;
				LD_RUNPATH_SEARCH_PATHS = "$(inherited) @executable_path/Frameworks";
				PRODUCT_BUNDLE_IDENTIFIER = ru.tt.TSuppot;
				PRODUCT_NAME = "$(TARGET_NAME)";
				SWIFT_VERSION = 3.0;
			};
			name = Release;
		};
/* End XCBuildConfiguration section */

/* Begin XCConfigurationList section */
		433C15871E1297C800B5FB5F /* Build configuration list for PBXProject "TSuppot" */ = {
			isa = XCConfigurationList;
			buildConfigurations = (
				433C159C1E1297C800B5FB5F /* Debug */,
				433C159D1E1297C800B5FB5F /* Release */,
			);
			defaultConfigurationIsVisible = 0;
			defaultConfigurationName = Release;
		};
		433C159E1E1297C800B5FB5F /* Build configuration list for PBXNativeTarget "TSuppot" */ = {
			isa = XCConfigurationList;
			buildConfigurations = (
				433C159F1E1297C800B5FB5F /* Debug */,
				433C15A01E1297C800B5FB5F /* Release */,
			);
			defaultConfigurationIsVisible = 0;
			defaultConfigurationName = Release;
		};
/* End XCConfigurationList section */
	};
	rootObject = 433C15841E1297C800B5FB5F /* Project object */;
}
